
Microsoft Visual Studio Solution File, Format Version 12.00
# Visual Studio 14
VisualStudioVersion = 14.0.25420.1
MinimumVisualStudioVersion = 10.0.40219.1
Project("{FAE04EC0-301F-11D3-BF4B-00C04F79EFBC}") = "CAD", "CAD\CAD.csproj", "{2D464FC9-A7B1-4E0F-AA26-407001FD21B5}"
EndProject
Project("{FAE04EC0-301F-11D3-BF4B-00C04F79EFBC}") = "Middleware", "Middleware\Middleware.csproj", "{F78931E6-849B-4D10-AE0E-8B9EE7929620}"
EndProject
Project("{FAE04EC0-301F-11D3-BF4B-00C04F79EFBC}") = "Client", "Client\Client.csproj", "{180A533A-2EEA-4B72-BC50-88F2D83136D9}"
EndProject
Global
	GlobalSection(SolutionConfigurationPlatforms) = preSolution
		Debug|Any CPU = Debug|Any CPU
		Release|Any CPU = Release|Any CPU
	EndGlobalSection
	GlobalSection(ProjectConfigurationPlatforms) = postSolution
		{2D464FC9-A7B1-4E0F-AA26-407001FD21B5}.Debug|Any CPU.ActiveCfg = Debug|Any CPU
		{2D464FC9-A7B1-4E0F-AA26-407001FD21B5}.Debug|Any CPU.Build.0 = Debug|Any CPU
		{2D464FC9-A7B1-4E0F-AA26-407001FD21B5}.Release|Any CPU.ActiveCfg = Release|Any CPU
		{2D464FC9-A7B1-4E0F-AA26-407001FD21B5}.Release|Any CPU.Build.0 = Release|Any CPU
		{F78931E6-849B-4D10-AE0E-8B9EE7929620}.Debug|Any CPU.ActiveCfg = Debug|Any CPU
		{F78931E6-849B-4D10-AE0E-8B9EE7929620}.Debug|Any CPU.Build.0 = Debug|Any CPU
		{F78931E6-849B-4D10-AE0E-8B9EE7929620}.Release|Any CPU.ActiveCfg = Release|Any CPU
		{F78931E6-849B-4D10-AE0E-8B9EE7929620}.Release|Any CPU.Build.0 = Release|Any CPU
		{180A533A-2EEA-4B72-BC50-88F2D83136D9}.Debug|Any CPU.ActiveCfg = Debug|Any CPU
		{180A533A-2EEA-4B72-BC50-88F2D83136D9}.Debug|Any CPU.Build.0 = Debug|Any CPU
		{180A533A-2EEA-4B72-BC50-88F2D83136D9}.Release|Any CPU.ActiveCfg = Release|Any CPU
		{180A533A-2EEA-4B72-BC50-88F2D83136D9}.Release|Any CPU.Build.0 = Release|Any CPU
	EndGlobalSection
	GlobalSection(SolutionProperties) = preSolution
		HideSolutionNode = FALSE
	EndGlobalSection
EndGlobal
